
Microsoft Visual Studio Solution File, Format Version 12.00
# Visual Studio Version 16
VisualStudioVersion = 16.0.31702.278
MinimumVisualStudioVersion = 10.0.40219.1
Project("{FAE04EC0-301F-11D3-BF4B-00C04F79EFBC}") = "picher vivi", "picher vivi\picher vivi.csproj", "{2F79DD1A-ACEE-4D94-845E-DAB4A9756F2C}"
EndProject
Global
	GlobalSection(SolutionConfigurationPlatforms) = preSolution
		Debug|Any CPU = Debug|Any CPU
		Release|Any CPU = Release|Any CPU
	EndGlobalSection
	GlobalSection(ProjectConfigurationPlatforms) = postSolution
		{2F79DD1A-ACEE-4D94-845E-DAB4A9756F2C}.Debug|Any CPU.ActiveCfg = Debug|Any CPU
		{2F79DD1A-ACEE-4D94-845E-DAB4A9756F2C}.Debug|Any CPU.Build.0 = Debug|Any CPU
		{2F79DD1A-ACEE-4D94-845E-DAB4A9756F2C}.Release|Any CPU.ActiveCfg = Release|Any CPU
		{2F79DD1A-ACEE-4D94-845E-DAB4A9756F2C}.Release|Any CPU.Build.0 = Release|Any CPU
	EndGlobalSection
	GlobalSection(SolutionProperties) = preSolution
		HideSolutionNode = FALSE
	EndGlobalSection
	GlobalSection(ExtensibilityGlobals) = postSolution
		SolutionGuid = {3874BDDA-BCEE-4FFD-BB0F-E24FC00E0A7D}
	EndGlobalSection
EndGlobal
